
Microsoft Visual Studio Solution File, Format Version 12.00
# Visual Studio Version 16
VisualStudioVersion = 16.0.35130.168
MinimumVisualStudioVersion = 10.0.40219.1
Project("{FAE04EC0-301F-11D3-BF4B-00C04F79EFBC}") = "Q1 session02 $", "Q1 session02 $\Q1 session02 $.csproj", "{7444BBB0-3CF2-4510-A61F-0F813361274D}"
EndProject
Global
	GlobalSection(SolutionConfigurationPlatforms) = preSolution
		Debug|Any CPU = Debug|Any CPU
		Release|Any CPU = Release|Any CPU
	EndGlobalSection
	GlobalSection(ProjectConfigurationPlatforms) = postSolution
		{7444BBB0-3CF2-4510-A61F-0F813361274D}.Debug|Any CPU.ActiveCfg = Debug|Any CPU
		{7444BBB0-3CF2-4510-A61F-0F813361274D}.Debug|Any CPU.Build.0 = Debug|Any CPU
		{7444BBB0-3CF2-4510-A61F-0F813361274D}.Release|Any CPU.ActiveCfg = Release|Any CPU
		{7444BBB0-3CF2-4510-A61F-0F813361274D}.Release|Any CPU.Build.0 = Release|Any CPU
	EndGlobalSection
	GlobalSection(SolutionProperties) = preSolution
		HideSolutionNode = FALSE
	EndGlobalSection
	GlobalSection(ExtensibilityGlobals) = postSolution
		SolutionGuid = {18F86708-132C-4CFD-9F05-058B871A7D70}
	EndGlobalSection
EndGlobal
